
Microsoft Visual Studio Solution File, Format Version 12.00
Project("{FAE04EC0-301F-11D3-BF4B-00C04F79EFBC}") = "Planner.WebUI", "Planner.WebUI\Planner.WebUI.csproj", "{20FC5EDD-11BC-402F-B3CE-365600643D5A}"
EndProject
Project("{FAE04EC0-301F-11D3-BF4B-00C04F79EFBC}") = "Planner.Db", "Planner.Db\Planner.Db.csproj", "{261699C9-6797-4848-BFAE-ADF4C9DBD296}"
EndProject
Global
	GlobalSection(SolutionConfigurationPlatforms) = preSolution
		Debug|Any CPU = Debug|Any CPU
		Release|Any CPU = Release|Any CPU
	EndGlobalSection
	GlobalSection(ProjectConfigurationPlatforms) = postSolution
		{20FC5EDD-11BC-402F-B3CE-365600643D5A}.Debug|Any CPU.ActiveCfg = Debug|Any CPU
		{20FC5EDD-11BC-402F-B3CE-365600643D5A}.Debug|Any CPU.Build.0 = Debug|Any CPU
		{20FC5EDD-11BC-402F-B3CE-365600643D5A}.Release|Any CPU.ActiveCfg = Release|Any CPU
		{20FC5EDD-11BC-402F-B3CE-365600643D5A}.Release|Any CPU.Build.0 = Release|Any CPU
		{261699C9-6797-4848-BFAE-ADF4C9DBD296}.Debug|Any CPU.ActiveCfg = Debug|Any CPU
		{261699C9-6797-4848-BFAE-ADF4C9DBD296}.Debug|Any CPU.Build.0 = Debug|Any CPU
		{261699C9-6797-4848-BFAE-ADF4C9DBD296}.Release|Any CPU.ActiveCfg = Release|Any CPU
		{261699C9-6797-4848-BFAE-ADF4C9DBD296}.Release|Any CPU.Build.0 = Release|Any CPU
	EndGlobalSection
EndGlobal
